// !$*UTF8*$!
{
	archiveVersion = 1;
	classes = {
	};
	objectVersion = 51;
	objects = {

/* Begin PBXBuildFile section */
		5CE69DA0279DCEAE726AACD3 /* Pods_Parstagram.framework in Frameworks */ = {isa = PBXBuildFile; fileRef = D9EB093E698543C2ECD59BBD /* Pods_Parstagram.framework */; };
		7F872D1A2533E98200CE1AEC /* AppDelegate.swift in Sources */ = {isa = PBXBuildFile; fileRef = 7F872D192533E98200CE1AEC /* AppDelegate.swift */; };
		7F872D1C2533E98200CE1AEC /* SceneDelegate.swift in Sources */ = {isa = PBXBuildFile; fileRef = 7F872D1B2533E98200CE1AEC /* SceneDelegate.swift */; };
		7F872D212533E98200CE1AEC /* Main.storyboard in Resources */ = {isa = PBXBuildFile; fileRef = 7F872D1F2533E98200CE1AEC /* Main.storyboard */; };
		7F872D232533E98400CE1AEC /* Assets.xcassets in Resources */ = {isa = PBXBuildFile; fileRef = 7F872D222533E98400CE1AEC /* Assets.xcassets */; };
		7F872D262533E98400CE1AEC /* LaunchScreen.storyboard in Resources */ = {isa = PBXBuildFile; fileRef = 7F872D242533E98400CE1AEC /* LaunchScreen.storyboard */; };
		7F872D312533E98400CE1AEC /* ParstagramTests.swift in Sources */ = {isa = PBXBuildFile; fileRef = 7F872D302533E98400CE1AEC /* ParstagramTests.swift */; };
		7F872D3C2533E98400CE1AEC /* ParstagramUITests.swift in Sources */ = {isa = PBXBuildFile; fileRef = 7F872D3B2533E98400CE1AEC /* ParstagramUITests.swift */; };
		7F872D4A2533FC7E00CE1AEC /* LoginViewController.swift in Sources */ = {isa = PBXBuildFile; fileRef = 7F872D492533FC7E00CE1AEC /* LoginViewController.swift */; };
		7F872D4E25340CF100CE1AEC /* CameraViewController.swift in Sources */ = {isa = PBXBuildFile; fileRef = 7F872D4D25340CF100CE1AEC /* CameraViewController.swift */; };
		7F872D502534251A00CE1AEC /* PostCell.swift in Sources */ = {isa = PBXBuildFile; fileRef = 7F872D4F2534251A00CE1AEC /* PostCell.swift */; };
		7F872D522534299E00CE1AEC /* FeedViewController.swift in Sources */ = {isa = PBXBuildFile; fileRef = 7F872D512534299E00CE1AEC /* FeedViewController.swift */; };
		8330101DCD1AFA57578998B8 /* Pods_Parstagram_ParstagramUITests.framework in Frameworks */ = {isa = PBXBuildFile; fileRef = E53910A791EB356538E7CDDB /* Pods_Parstagram_ParstagramUITests.framework */; };
		8F9B79C83E7A2C374431EE6C /* Pods_ParstagramTests.framework in Frameworks */ = {isa = PBXBuildFile; fileRef = 8088CAF5C293A9B029C9E15B /* Pods_ParstagramTests.framework */; };
/* End PBXBuildFile section */

/* Begin PBXContainerItemProxy section */
		7F872D2D2533E98400CE1AEC /* PBXContainerItemProxy */ = {
			isa = PBXContainerItemProxy;
			containerPortal = 7F872D0E2533E98200CE1AEC /* Project object */;
			proxyType = 1;
			remoteGlobalIDString = 7F872D152533E98200CE1AEC;
			remoteInfo = Parstagram;
		};
		7F872D382533E98400CE1AEC /* PBXContainerItemProxy */ = {
			isa = PBXContainerItemProxy;
			containerPortal = 7F872D0E2533E98200CE1AEC /* Project object */;
			proxyType = 1;
			remoteGlobalIDString = 7F872D152533E98200CE1AEC;
			remoteInfo = Parstagram;
		};
/* End PBXContainerItemProxy section */

/* Begin PBXFileReference section */
		0D23F159C2107E3618E50D6F /* Pods-ParstagramTests.debug.xcconfig */ = {isa = PBXFileReference; includeInIndex = 1; lastKnownFileType = text.xcconfig; name = "Pods-ParstagramTests.debug.xcconfig"; path = "Target Support Files/Pods-ParstagramTests/Pods-ParstagramTests.debug.xcconfig"; sourceTree = "<group>"; };
		61F9893C190BFF4D72B45095 /* Pods-ParstagramTests.release.xcconfig */ = {isa = PBXFileReference; includeInIndex = 1; lastKnownFileType = text.xcconfig; name = "Pods-ParstagramTests.release.xcconfig"; path = "Target Support Files/Pods-ParstagramTests/Pods-ParstagramTests.release.xcconfig"; sourceTree = "<group>"; };
		6E1625759EAA3092BE73C44C /* Pods-Parstagram.debug.xcconfig */ = {isa = PBXFileReference; includeInIndex = 1; lastKnownFileType = text.xcconfig; name = "Pods-Parstagram.debug.xcconfig"; path = "Target Support Files/Pods-Parstagram/Pods-Parstagram.debug.xcconfig"; sourceTree = "<group>"; };
		7F872D162533E98200CE1AEC /* Parstagram.app */ = {isa = PBXFileReference; explicitFileType = wrapper.application; includeInIndex = 0; path = Parstagram.app; sourceTree = BUILT_PRODUCTS_DIR; };
		7F872D192533E98200CE1AEC /* AppDelegate.swift */ = {isa = PBXFileReference; lastKnownFileType = sourcecode.swift; path = AppDelegate.swift; sourceTree = "<group>"; };
		7F872D1B2533E98200CE1AEC /* SceneDelegate.swift */ = {isa = PBXFileReference; lastKnownFileType = sourcecode.swift; path = SceneDelegate.swift; sourceTree = "<group>"; };
		7F872D202533E98200CE1AEC /* Base */ = {isa = PBXFileReference; lastKnownFileType = file.storyboard; name = Base; path = Base.lproj/Main.storyboard; sourceTree = "<group>"; };
		7F872D222533E98400CE1AEC /* Assets.xcassets */ = {isa = PBXFileReference; lastKnownFileType = folder.assetcatalog; path = Assets.xcassets; sourceTree = "<group>"; };
		7F872D252533E98400CE1AEC /* Base */ = {isa = PBXFileReference; lastKnownFileType = file.storyboard; name = Base; path = Base.lproj/LaunchScreen.storyboard; sourceTree = "<group>"; };
		7F872D272533E98400CE1AEC /* Info.plist */ = {isa = PBXFileReference; lastKnownFileType = text.plist.xml; path = Info.plist; sourceTree = "<group>"; };
		7F872D2C2533E98400CE1AEC /* ParstagramTests.xctest */ = {isa = PBXFileReference; explicitFileType = wrapper.cfbundle; includeInIndex = 0; path = ParstagramTests.xctest; sourceTree = BUILT_PRODUCTS_DIR; };
		7F872D302533E98400CE1AEC /* ParstagramTests.swift */ = {isa = PBXFileReference; lastKnownFileType = sourcecode.swift; path = ParstagramTests.swift; sourceTree = "<group>"; };
		7F872D322533E98400CE1AEC /* Info.plist */ = {isa = PBXFileReference; lastKnownFileType = text.plist.xml; path = Info.plist; sourceTree = "<group>"; };
		7F872D372533E98400CE1AEC /* ParstagramUITests.xctest */ = {isa = PBXFileReference; explicitFileType = wrapper.cfbundle; includeInIndex = 0; path = ParstagramUITests.xctest; sourceTree = BUILT_PRODUCTS_DIR; };
		7F872D3B2533E98400CE1AEC /* ParstagramUITests.swift */ = {isa = PBXFileReference; lastKnownFileType = sourcecode.swift; path = ParstagramUITests.swift; sourceTree = "<group>"; };
		7F872D3D2533E98400CE1AEC /* Info.plist */ = {isa = PBXFileReference; lastKnownFileType = text.plist.xml; path = Info.plist; sourceTree = "<group>"; };
		7F872D492533FC7E00CE1AEC /* LoginViewController.swift */ = {isa = PBXFileReference; lastKnownFileType = sourcecode.swift; path = LoginViewController.swift; sourceTree = "<group>"; };
		7F872D4D25340CF100CE1AEC /* CameraViewController.swift */ = {isa = PBXFileReference; lastKnownFileType = sourcecode.swift; path = CameraViewController.swift; sourceTree = "<group>"; };
		7F872D4F2534251A00CE1AEC /* PostCell.swift */ = {isa = PBXFileReference; lastKnownFileType = sourcecode.swift; path = PostCell.swift; sourceTree = "<group>"; };
		7F872D512534299E00CE1AEC /* FeedViewController.swift */ = {isa = PBXFileReference; lastKnownFileType = sourcecode.swift; path = FeedViewController.swift; sourceTree = "<group>"; };
		8088CAF5C293A9B029C9E15B /* Pods_ParstagramTests.framework */ = {isa = PBXFileReference; explicitFileType = wrapper.framework; includeInIndex = 0; path = Pods_ParstagramTests.framework; sourceTree = BUILT_PRODUCTS_DIR; };
		AC262FB51B15966EA96FE473 /* Pods-Parstagram.release.xcconfig */ = {isa = PBXFileReference; includeInIndex = 1; lastKnownFileType = text.xcconfig; name = "Pods-Parstagram.release.xcconfig"; path = "Target Support Files/Pods-Parstagram/Pods-Parstagram.release.xcconfig"; sourceTree = "<group>"; };
		B8F8E77AADE0DBD352B02A4A /* Pods-Parstagram-ParstagramUITests.debug.xcconfig */ = {isa = PBXFileReference; includeInIndex = 1; lastKnownFileType = text.xcconfig; name = "Pods-Parstagram-ParstagramUITests.debug.xcconfig"; path = "Target Support Files/Pods-Parstagram-ParstagramUITests/Pods-Parstagram-ParstagramUITests.debug.xcconfig"; sourceTree = "<group>"; };
		D9EB093E698543C2ECD59BBD /* Pods_Parstagram.framework */ = {isa = PBXFileReference; explicitFileType = wrapper.framework; includeInIndex = 0; path = Pods_Parstagram.framework; sourceTree = BUILT_PRODUCTS_DIR; };
		E53910A791EB356538E7CDDB /* Pods_Parstagram_ParstagramUITests.framework */ = {isa = PBXFileReference; explicitFileType = wrapper.framework; includeInIndex = 0; path = Pods_Parstagram_ParstagramUITests.framework; sourceTree = BUILT_PRODUCTS_DIR; };
		F92289EFC0EE4138B51950D2 /* Pods-Parstagram-ParstagramUITests.release.xcconfig */ = {isa = PBXFileReference; includeInIndex = 1; lastKnownFileType = text.xcconfig; name = "Pods-Parstagram-ParstagramUITests.release.xcconfig"; path = "Target Support Files/Pods-Parstagram-ParstagramUITests/Pods-Parstagram-ParstagramUITests.release.xcconfig"; sourceTree = "<group>"; };
/* End PBXFileReference section */

/* Begin PBXFrameworksBuildPhase section */
		7F872D132533E98200CE1AEC /* Frameworks */ = {
			isa = PBXFrameworksBuildPhase;
			buildActionMask = 2147483647;
			files = (
				5CE69DA0279DCEAE726AACD3 /* Pods_Parstagram.framework in Frameworks */,
			);
			runOnlyForDeploymentPostprocessing = 0;
		};
		7F872D292533E98400CE1AEC /* Frameworks */ = {
			isa = PBXFrameworksBuildPhase;
			buildActionMask = 2147483647;
			files = (
				8F9B79C83E7A2C374431EE6C /* Pods_ParstagramTests.framework in Frameworks */,
			);
			runOnlyForDeploymentPostprocessing = 0;
		};
		7F872D342533E98400CE1AEC /* Frameworks */ = {
			isa = PBXFrameworksBuildPhase;
			buildActionMask = 2147483647;
			files = (
				8330101DCD1AFA57578998B8 /* Pods_Parstagram_ParstagramUITests.framework in Frameworks */,
			);
			runOnlyForDeploymentPostprocessing = 0;
		};
/* End PBXFrameworksBuildPhase section */

/* Begin PBXGroup section */
		7F872D0D2533E98200CE1AEC = {
			isa = PBXGroup;
			children = (
				7F872D182533E98200CE1AEC /* Parstagram */,
				7F872D2F2533E98400CE1AEC /* ParstagramTests */,
				7F872D3A2533E98400CE1AEC /* ParstagramUITests */,
				7F872D172533E98200CE1AEC /* Products */,
				A059BB2F23A3D19B44C90503 /* Pods */,
				9EC52C44C46DAD978715C5BF /* Frameworks */,
			);
			sourceTree = "<group>";
		};
		7F872D172533E98200CE1AEC /* Products */ = {
			isa = PBXGroup;
			children = (
				7F872D162533E98200CE1AEC /* Parstagram.app */,
				7F872D2C2533E98400CE1AEC /* ParstagramTests.xctest */,
				7F872D372533E98400CE1AEC /* ParstagramUITests.xctest */,
			);
			name = Products;
			sourceTree = "<group>";
		};
		7F872D182533E98200CE1AEC /* Parstagram */ = {
			isa = PBXGroup;
			children = (
				7F872D192533E98200CE1AEC /* AppDelegate.swift */,
				7F872D1B2533E98200CE1AEC /* SceneDelegate.swift */,
				7F872D1F2533E98200CE1AEC /* Main.storyboard */,
				7F872D222533E98400CE1AEC /* Assets.xcassets */,
				7F872D242533E98400CE1AEC /* LaunchScreen.storyboard */,
				7F872D272533E98400CE1AEC /* Info.plist */,
				7F872D492533FC7E00CE1AEC /* LoginViewController.swift */,
				7F872D4D25340CF100CE1AEC /* CameraViewController.swift */,
				7F872D4F2534251A00CE1AEC /* PostCell.swift */,
				7F872D512534299E00CE1AEC /* FeedViewController.swift */,
			);
			path = Parstagram;
			sourceTree = "<group>";
		};
		7F872D2F2533E98400CE1AEC /* ParstagramTests */ = {
			isa = PBXGroup;
			children = (
				7F872D302533E98400CE1AEC /* ParstagramTests.swift */,
				7F872D322533E98400CE1AEC /* Info.plist */,
			);
			path = ParstagramTests;
			sourceTree = "<group>";
		};
		7F872D3A2533E98400CE1AEC /* ParstagramUITests */ = {
			isa = PBXGroup;
			children = (
				7F872D3B2533E98400CE1AEC /* ParstagramUITests.swift */,
				7F872D3D2533E98400CE1AEC /* Info.plist */,
			);
			path = ParstagramUITests;
			sourceTree = "<group>";
		};
		9EC52C44C46DAD978715C5BF /* Frameworks */ = {
			isa = PBXGroup;
			children = (
				D9EB093E698543C2ECD59BBD /* Pods_Parstagram.framework */,
				E53910A791EB356538E7CDDB /* Pods_Parstagram_ParstagramUITests.framework */,
				8088CAF5C293A9B029C9E15B /* Pods_ParstagramTests.framework */,
			);
			name = Frameworks;
			sourceTree = "<group>";
		};
		A059BB2F23A3D19B44C90503 /* Pods */ = {
			isa = PBXGroup;
			children = (
				6E1625759EAA3092BE73C44C /* Pods-Parstagram.debug.xcconfig */,
				AC262FB51B15966EA96FE473 /* Pods-Parstagram.release.xcconfig */,
				B8F8E77AADE0DBD352B02A4A /* Pods-Parstagram-ParstagramUITests.debug.xcconfig */,
				F92289EFC0EE4138B51950D2 /* Pods-Parstagram-ParstagramUITests.release.xcconfig */,
				0D23F159C2107E3618E50D6F /* Pods-ParstagramTests.debug.xcconfig */,
				61F9893C190BFF4D72B45095 /* Pods-ParstagramTests.release.xcconfig */,
			);
			path = Pods;
			sourceTree = "<group>";
		};
/* End PBXGroup section */

/* Begin PBXNativeTarget section */
		7F872D152533E98200CE1AEC /* Parstagram */ = {
			isa = PBXNativeTarget;
			buildConfigurationList = 7F872D402533E98400CE1AEC /* Build configuration list for PBXNativeTarget "Parstagram" */;
			buildPhases = (
				1FC2B48ADF16D3CF38F7C089 /* [CP] Check Pods Manifest.lock */,
				7F872D122533E98200CE1AEC /* Sources */,
				7F872D132533E98200CE1AEC /* Frameworks */,
				7F872D142533E98200CE1AEC /* Resources */,
				221D2484BC578BD696571486 /* [CP] Embed Pods Frameworks */,
			);
			buildRules = (
			);
			dependencies = (
			);
			name = Parstagram;
			productName = Parstagram;
			productReference = 7F872D162533E98200CE1AEC /* Parstagram.app */;
			productType = "com.apple.product-type.application";
		};
		7F872D2B2533E98400CE1AEC /* ParstagramTests */ = {
			isa = PBXNativeTarget;
			buildConfigurationList = 7F872D432533E98400CE1AEC /* Build configuration list for PBXNativeTarget "ParstagramTests" */;
			buildPhases = (
				72DE191B6E12B8A92A64667D /* [CP] Check Pods Manifest.lock */,
				7F872D282533E98400CE1AEC /* Sources */,
				7F872D292533E98400CE1AEC /* Frameworks */,
				7F872D2A2533E98400CE1AEC /* Resources */,
			);
			buildRules = (
			);
			dependencies = (
				7F872D2E2533E98400CE1AEC /* PBXTargetDependency */,
			);
			name = ParstagramTests;
			productName = ParstagramTests;
			productReference = 7F872D2C2533E98400CE1AEC /* ParstagramTests.xctest */;
			productType = "com.apple.product-type.bundle.unit-test";
		};
		7F872D362533E98400CE1AEC /* ParstagramUITests */ = {
			isa = PBXNativeTarget;
			buildConfigurationList = 7F872D462533E98400CE1AEC /* Build configuration list for PBXNativeTarget "ParstagramUITests" */;
			buildPhases = (
				68E60865A6D5D5886F1B54E8 /* [CP] Check Pods Manifest.lock */,
				7F872D332533E98400CE1AEC /* Sources */,
				7F872D342533E98400CE1AEC /* Frameworks */,
				7F872D352533E98400CE1AEC /* Resources */,
				3AE369C7968F0C8AA84C52D6 /* [CP] Embed Pods Frameworks */,
			);
			buildRules = (
			);
			dependencies = (
				7F872D392533E98400CE1AEC /* PBXTargetDependency */,
			);
			name = ParstagramUITests;
			productName = ParstagramUITests;
			productReference = 7F872D372533E98400CE1AEC /* ParstagramUITests.xctest */;
			productType = "com.apple.product-type.bundle.ui-testing";
		};
/* End PBXNativeTarget section */

/* Begin PBXProject section */
		7F872D0E2533E98200CE1AEC /* Project object */ = {
			isa = PBXProject;
			attributes = {
				LastSwiftUpdateCheck = 1170;
				LastUpgradeCheck = 1170;
				ORGANIZATIONNAME = Codepath;
				TargetAttributes = {
					7F872D152533E98200CE1AEC = {
						CreatedOnToolsVersion = 11.7;
					};
					7F872D2B2533E98400CE1AEC = {
						CreatedOnToolsVersion = 11.7;
						TestTargetID = 7F872D152533E98200CE1AEC;
					};
					7F872D362533E98400CE1AEC = {
						CreatedOnToolsVersion = 11.7;
						TestTargetID = 7F872D152533E98200CE1AEC;
					};
				};
			};
			buildConfigurationList = 7F872D112533E98200CE1AEC /* Build configuration list for PBXProject "Parstagram" */;
			compatibilityVersion = "Xcode 9.3";
			developmentRegion = en;
			hasScannedForEncodings = 0;
			knownRegions = (
				en,
				Base,
			);
			mainGroup = 7F872D0D2533E98200CE1AEC;
			productRefGroup = 7F872D172533E98200CE1AEC /* Products */;
			projectDirPath = "";
			projectRoot = "";
			targets = (
				7F872D152533E98200CE1AEC /* Parstagram */,
				7F872D2B2533E98400CE1AEC /* ParstagramTests */,
				7F872D362533E98400CE1AEC /* ParstagramUITests */,
			);
		};
/* End PBXProject section */

/* Begin PBXResourcesBuildPhase section */
		7F872D142533E98200CE1AEC /* Resources */ = {
			isa = PBXResourcesBuildPhase;
			buildActionMask = 2147483647;
			files = (
				7F872D262533E98400CE1AEC /* LaunchScreen.storyboard in Resources */,
				7F872D232533E98400CE1AEC /* Assets.xcassets in Resources */,
				7F872D212533E98200CE1AEC /* Main.storyboard in Resources */,
			);
			runOnlyForDeploymentPostprocessing = 0;
		};
		7F872D2A2533E98400CE1AEC /* Resources */ = {
			isa = PBXResourcesBuildPhase;
			buildActionMask = 2147483647;
			files = (
			);
			runOnlyForDeploymentPostprocessing = 0;
		};
		7F872D352533E98400CE1AEC /* Resources */ = {
			isa = PBXResourcesBuildPhase;
			buildActionMask = 2147483647;
			files = (
			);
			runOnlyForDeploymentPostprocessing = 0;
		};
/* End PBXResourcesBuildPhase section */

/* Begin PBXShellScriptBuildPhase section */
		1FC2B48ADF16D3CF38F7C089 /* [CP] Check Pods Manifest.lock */ = {
			isa = PBXShellScriptBuildPhase;
			buildActionMask = 2147483647;
			files = (
			);
			inputFileListPaths = (
			);
			inputPaths = (
				"${PODS_PODFILE_DIR_PATH}/Podfile.lock",
				"${PODS_ROOT}/Manifest.lock",
			);
			name = "[CP] Check Pods Manifest.lock";
			outputFileListPaths = (
			);
			outputPaths = (
				"$(DERIVED_FILE_DIR)/Pods-Parstagram-checkManifestLockResult.txt",
			);
			runOnlyForDeploymentPostprocessing = 0;
			shellPath = /bin/sh;
			shellScript = "diff \"${PODS_PODFILE_DIR_PATH}/Podfile.lock\" \"${PODS_ROOT}/Manifest.lock\" > /dev/null\nif [ $? != 0 ] ; then\n    # print error to STDERR\n    echo \"error: The sandbox is not in sync with the Podfile.lock. Run 'pod install' or update your CocoaPods installation.\" >&2\n    exit 1\nfi\n# This output is used by Xcode 'outputs' to avoid re-running this script phase.\necho \"SUCCESS\" > \"${SCRIPT_OUTPUT_FILE_0}\"\n";
			showEnvVarsInLog = 0;
		};
		221D2484BC578BD696571486 /* [CP] Embed Pods Frameworks */ = {
			isa = PBXShellScriptBuildPhase;
			buildActionMask = 2147483647;
			files = (
			);
			inputFileListPaths = (
				"${PODS_ROOT}/Target Support Files/Pods-Parstagram/Pods-Parstagram-frameworks-${CONFIGURATION}-input-files.xcfilelist",
			);
			name = "[CP] Embed Pods Frameworks";
			outputFileListPaths = (
				"${PODS_ROOT}/Target Support Files/Pods-Parstagram/Pods-Parstagram-frameworks-${CONFIGURATION}-output-files.xcfilelist",
			);
			runOnlyForDeploymentPostprocessing = 0;
			shellPath = /bin/sh;
			shellScript = "\"${PODS_ROOT}/Target Support Files/Pods-Parstagram/Pods-Parstagram-frameworks.sh\"\n";
			showEnvVarsInLog = 0;
		};
		3AE369C7968F0C8AA84C52D6 /* [CP] Embed Pods Frameworks */ = {
			isa = PBXShellScriptBuildPhase;
			buildActionMask = 2147483647;
			files = (
			);
			inputFileListPaths = (
				"${PODS_ROOT}/Target Support Files/Pods-Parstagram-ParstagramUITests/Pods-Parstagram-ParstagramUITests-frameworks-${CONFIGURATION}-input-files.xcfilelist",
			);
			name = "[CP] Embed Pods Frameworks";
			outputFileListPaths = (
				"${PODS_ROOT}/Target Support Files/Pods-Parstagram-ParstagramUITests/Pods-Parstagram-ParstagramUITests-frameworks-${CONFIGURATION}-output-files.xcfilelist",
			);
			runOnlyForDeploymentPostprocessing = 0;
			shellPath = /bin/sh;
			shellScript = "\"${PODS_ROOT}/Target Support Files/Pods-Parstagram-ParstagramUITests/Pods-Parstagram-ParstagramUITests-frameworks.sh\"\n";
			showEnvVarsInLog = 0;
		};
		68E60865A6D5D5886F1B54E8 /* [CP] Check Pods Manifest.lock */ = {
			isa = PBXShellScriptBuildPhase;
			buildActionMask = 2147483647;
			files = (
			);
			inputFileListPaths = (
			);
			inputPaths = (
				"${PODS_PODFILE_DIR_PATH}/Podfile.lock",
				"${PODS_ROOT}/Manifest.lock",
			);
			name = "[CP] Check Pods Manifest.lock";
			outputFileListPaths = (
			);
			outputPaths = (
				"$(DERIVED_FILE_DIR)/Pods-Parstagram-ParstagramUITests-checkManifestLockResult.txt",
			);
			runOnlyForDeploymentPostprocessing = 0;
			shellPath = /bin/sh;
			shellScript = "diff \"${PODS_PODFILE_DIR_PATH}/Podfile.lock\" \"${PODS_ROOT}/Manifest.lock\" > /dev/null\nif [ $? != 0 ] ; then\n    # print error to STDERR\n    echo \"error: The sandbox is not in sync with the Podfile.lock. Run 'pod install' or update your CocoaPods installation.\" >&2\n    exit 1\nfi\n# This output is used by Xcode 'outputs' to avoid re-running this script phase.\necho \"SUCCESS\" > \"${SCRIPT_OUTPUT_FILE_0}\"\n";
			showEnvVarsInLog = 0;
		};
		72DE191B6E12B8A92A64667D /* [CP] Check Pods Manifest.lock */ = {
			isa = PBXShellScriptBuildPhase;
			buildActionMask = 2147483647;
			files = (
			);
			inputFileListPaths = (
			);
			inputPaths = (
				"${PODS_PODFILE_DIR_PATH}/Podfile.lock",
				"${PODS_ROOT}/Manifest.lock",
			);
			name = "[CP] Check Pods Manifest.lock";
			outputFileListPaths = (
			);
			outputPaths = (
				"$(DERIVED_FILE_DIR)/Pods-ParstagramTests-checkManifestLockResult.txt",
			);
			runOnlyForDeploymentPostprocessing = 0;
			shellPath = /bin/sh;
			shellScript = "diff \"${PODS_PODFILE_DIR_PATH}/Podfile.lock\" \"${PODS_ROOT}/Manifest.lock\" > /dev/null\nif [ $? != 0 ] ; then\n    # print error to STDERR\n    echo \"error: The sandbox is not in sync with the Podfile.lock. Run 'pod install' or update your CocoaPods installation.\" >&2\n    exit 1\nfi\n# This output is used by Xcode 'outputs' to avoid re-running this script phase.\necho \"SUCCESS\" > \"${SCRIPT_OUTPUT_FILE_0}\"\n";
			showEnvVarsInLog = 0;
		};
/* End PBXShellScriptBuildPhase section */

/* Begin PBXSourcesBuildPhase section */
		7F872D122533E98200CE1AEC /* Sources */ = {
			isa = PBXSourcesBuildPhase;
			buildActionMask = 2147483647;
			files = (
				7F872D4A2533FC7E00CE1AEC /* LoginViewController.swift in Sources */,
				7F872D4E25340CF100CE1AEC /* CameraViewController.swift in Sources */,
				7F872D1A2533E98200CE1AEC /* AppDelegate.swift in Sources */,
				7F872D1C2533E98200CE1AEC /* SceneDelegate.swift in Sources */,
				7F872D522534299E00CE1AEC /* FeedViewController.swift in Sources */,
				7F872D502534251A00CE1AEC /* PostCell.swift in Sources */,
			);
			runOnlyForDeploymentPostprocessing = 0;
		};
		7F872D282533E98400CE1AEC /* Sources */ = {
			isa = PBXSourcesBuildPhase;
			buildActionMask = 2147483647;
			files = (
				7F872D312533E98400CE1AEC /* ParstagramTests.swift in Sources */,
			);
			runOnlyForDeploymentPostprocessing = 0;
		};
		7F872D332533E98400CE1AEC /* Sources */ = {
			isa = PBXSourcesBuildPhase;
			buildActionMask = 2147483647;
			files = (
				7F872D3C2533E98400CE1AEC /* ParstagramUITests.swift in Sources */,
			);
			runOnlyForDeploymentPostprocessing = 0;
		};
/* End PBXSourcesBuildPhase section */

/* Begin PBXTargetDependency section */
		7F872D2E2533E98400CE1AEC /* PBXTargetDependency */ = {
			isa = PBXTargetDependency;
			target = 7F872D152533E98200CE1AEC /* Parstagram */;
			targetProxy = 7F872D2D2533E98400CE1AEC /* PBXContainerItemProxy */;
		};
		7F872D392533E98400CE1AEC /* PBXTargetDependency */ = {
			isa = PBXTargetDependency;
			target = 7F872D152533E98200CE1AEC /* Parstagram */;
			targetProxy = 7F872D382533E98400CE1AEC /* PBXContainerItemProxy */;
		};
/* End PBXTargetDependency section */

/* Begin PBXVariantGroup section */
		7F872D1F2533E98200CE1AEC /* Main.storyboard */ = {
			isa = PBXVariantGroup;
			children = (
				7F872D202533E98200CE1AEC /* Base */,
			);
			name = Main.storyboard;
			sourceTree = "<group>";
		};
		7F872D242533E98400CE1AEC /* LaunchScreen.storyboard */ = {
			isa = PBXVariantGroup;
			children = (
				7F872D252533E98400CE1AEC /* Base */,
			);
			name = LaunchScreen.storyboard;
			sourceTree = "<group>";
		};
/* End PBXVariantGroup section */

/* Begin XCBuildConfiguration section */
		7F872D3E2533E98400CE1AEC /* Debug */ = {
			isa = XCBuildConfiguration;
			buildSettings = {
				ALWAYS_SEARCH_USER_PATHS = NO;
				CLANG_ANALYZER_NONNULL = YES;
				CLANG_ANALYZER_NUMBER_OBJECT_CONVERSION = YES_AGGRESSIVE;
				CLANG_CXX_LANGUAGE_STANDARD = "gnu++14";
				CLANG_CXX_LIBRARY = "libc++";
				CLANG_ENABLE_MODULES = YES;
				CLANG_ENABLE_OBJC_ARC = YES;
				CLANG_ENABLE_OBJC_WEAK = YES;
				CLANG_WARN_BLOCK_CAPTURE_AUTORELEASING = YES;
				CLANG_WARN_BOOL_CONVERSION = YES;
				CLANG_WARN_COMMA = YES;
				CLANG_WARN_CONSTANT_CONVERSION = YES;
				CLANG_WARN_DEPRECATED_OBJC_IMPLEMENTATIONS = YES;
				CLANG_WARN_DIRECT_OBJC_ISA_USAGE = YES_ERROR;
				CLANG_WARN_DOCUMENTATION_COMMENTS = YES;
				CLANG_WARN_EMPTY_BODY = YES;
				CLANG_WARN_ENUM_CONVERSION = YES;
				CLANG_WARN_INFINITE_RECURSION = YES;
				CLANG_WARN_INT_CONVERSION = YES;
				CLANG_WARN_NON_LITERAL_NULL_CONVERSION = YES;
				CLANG_WARN_OBJC_IMPLICIT_RETAIN_SELF = YES;
				CLANG_WARN_OBJC_LITERAL_CONVERSION = YES;
				CLANG_WARN_OBJC_ROOT_CLASS = YES_ERROR;
				CLANG_WARN_RANGE_LOOP_ANALYSIS = YES;
				CLANG_WARN_STRICT_PROTOTYPES = YES;
				CLANG_WARN_SUSPICIOUS_MOVE = YES;
				CLANG_WARN_UNGUARDED_AVAILABILITY = YES_AGGRESSIVE;
				CLANG_WARN_UNREACHABLE_CODE = YES;
				CLANG_WARN__DUPLICATE_METHOD_MATCH = YES;
				COPY_PHASE_STRIP = NO;
				DEBUG_INFORMATION_FORMAT = dwarf;
				ENABLE_STRICT_OBJC_MSGSEND = YES;
				ENABLE_TESTABILITY = YES;
				GCC_C_LANGUAGE_STANDARD = gnu11;
				GCC_DYNAMIC_NO_PIC = NO;
				GCC_NO_COMMON_BLOCKS = YES;
				GCC_OPTIMIZATION_LEVEL = 0;
				GCC_PREPROCESSOR_DEFINITIONS = (
					"DEBUG=1",
					"$(inherited)",
				);
				GCC_WARN_64_TO_32_BIT_CONVERSION = YES;
				GCC_WARN_ABOUT_RETURN_TYPE = YES_ERROR;
				GCC_WARN_UNDECLARED_SELECTOR = YES;
				GCC_WARN_UNINITIALIZED_AUTOS = YES_AGGRESSIVE;
				GCC_WARN_UNUSED_FUNCTION = YES;
				GCC_WARN_UNUSED_VARIABLE = YES;
				IPHONEOS_DEPLOYMENT_TARGET = 13.7;
				MTL_ENABLE_DEBUG_INFO = INCLUDE_SOURCE;
				MTL_FAST_MATH = YES;
				ONLY_ACTIVE_ARCH = YES;
				SDKROOT = iphoneos;
				SWIFT_ACTIVE_COMPILATION_CONDITIONS = DEBUG;
				SWIFT_OPTIMIZATION_LEVEL = "-Onone";
			};
			name = Debug;
		};
		7F872D3F2533E98400CE1AEC /* Release */ = {
			isa = XCBuildConfiguration;
			buildSettings = {
				ALWAYS_SEARCH_USER_PATHS = NO;
				CLANG_ANALYZER_NONNULL = YES;
				CLANG_ANALYZER_NUMBER_OBJECT_CONVERSION = YES_AGGRESSIVE;
				CLANG_CXX_LANGUAGE_STANDARD = "gnu++14";
				CLANG_CXX_LIBRARY = "libc++";
				CLANG_ENABLE_MODULES = YES;
				CLANG_ENABLE_OBJC_ARC = YES;
				CLANG_ENABLE_OBJC_WEAK = YES;
				CLANG_WARN_BLOCK_CAPTURE_AUTORELEASING = YES;
				CLANG_WARN_BOOL_CONVERSION = YES;
				CLANG_WARN_COMMA = YES;
				CLANG_WARN_CONSTANT_CONVERSION = YES;
				CLANG_WARN_DEPRECATED_OBJC_IMPLEMENTATIONS = YES;
				CLANG_WARN_DIRECT_OBJC_ISA_USAGE = YES_ERROR;
				CLANG_WARN_DOCUMENTATION_COMMENTS = YES;
				CLANG_WARN_EMPTY_BODY = YES;
				CLANG_WARN_ENUM_CONVERSION = YES;
				CLANG_WARN_INFINITE_RECURSION = YES;
				CLANG_WARN_INT_CONVERSION = YES;
				CLANG_WARN_NON_LITERAL_NULL_CONVERSION = YES;
				CLANG_WARN_OBJC_IMPLICIT_RETAIN_SELF = YES;
				CLANG_WARN_OBJC_LITERAL_CONVERSION = YES;
				CLANG_WARN_OBJC_ROOT_CLASS = YES_ERROR;
				CLANG_WARN_RANGE_LOOP_ANALYSIS = YES;
				CLANG_WARN_STRICT_PROTOTYPES = YES;
				CLANG_WARN_SUSPICIOUS_MOVE = YES;
				CLANG_WARN_UNGUARDED_AVAILABILITY = YES_AGGRESSIVE;
				CLANG_WARN_UNREACHABLE_CODE = YES;
				CLANG_WARN__DUPLICATE_METHOD_MATCH = YES;
				COPY_PHASE_STRIP = NO;
				DEBUG_INFORMATION_FORMAT = "dwarf-with-dsym";
				ENABLE_NS_ASSERTIONS = NO;
				ENABLE_STRICT_OBJC_MSGSEND = YES;
				GCC_C_LANGUAGE_STANDARD = gnu11;
				GCC_NO_COMMON_BLOCKS = YES;
				GCC_WARN_64_TO_32_BIT_CONVERSION = YES;
				GCC_WARN_ABOUT_RETURN_TYPE = YES_ERROR;
				GCC_WARN_UNDECLARED_SELECTOR = YES;
				GCC_WARN_UNINITIALIZED_AUTOS = YES_AGGRESSIVE;
				GCC_WARN_UNUSED_FUNCTION = YES;
				GCC_WARN_UNUSED_VARIABLE = YES;
				IPHONEOS_DEPLOYMENT_TARGET = 13.7;
				MTL_ENABLE_DEBUG_INFO = NO;
				MTL_FAST_MATH = YES;
				SDKROOT = iphoneos;
				SWIFT_COMPILATION_MODE = wholemodule;
				SWIFT_OPTIMIZATION_LEVEL = "-O";
				VALIDATE_PRODUCT = YES;
			};
			name = Release;
		};
		7F872D412533E98400CE1AEC /* Debug */ = {
			isa = XCBuildConfiguration;
			baseConfigurationReference = 6E1625759EAA3092BE73C44C /* Pods-Parstagram.debug.xcconfig */;
			buildSettings = {
				ASSETCATALOG_COMPILER_APPICON_NAME = AppIcon;
				CODE_SIGN_STYLE = Automatic;
				INFOPLIST_FILE = Parstagram/Info.plist;
				LD_RUNPATH_SEARCH_PATHS = (
					"$(inherited)",
					"@executable_path/Frameworks",
				);
				PRODUCT_BUNDLE_IDENTIFIER = Codepath.Parstagram;
				PRODUCT_NAME = "$(TARGET_NAME)";
				SWIFT_VERSION = 5.0;
				TARGETED_DEVICE_FAMILY = "1,2";
			};
			name = Debug;
		};
		7F872D422533E98400CE1AEC /* Release */ = {
			isa = XCBuildConfiguration;
			baseConfigurationReference = AC262FB51B15966EA96FE473 /* Pods-Parstagram.release.xcconfig */;
			buildSettings = {
				ASSETCATALOG_COMPILER_APPICON_NAME = AppIcon;
				CODE_SIGN_STYLE = Automatic;
				INFOPLIST_FILE = Parstagram/Info.plist;
				LD_RUNPATH_SEARCH_PATHS = (
					"$(inherited)",
					"@executable_path/Frameworks",
				);
				PRODUCT_BUNDLE_IDENTIFIER = Codepath.Parstagram;
				PRODUCT_NAME = "$(TARGET_NAME)";
				SWIFT_VERSION = 5.0;
				TARGETED_DEVICE_FAMILY = "1,2";
			};
			name = Release;
		};
		7F872D442533E98400CE1AEC /* Debug */ = {
			isa = XCBuildConfiguration;
			baseConfigurationReference = 0D23F159C2107E3618E50D6F /* Pods-ParstagramTests.debug.xcconfig */;
			buildSettings = {
				ALWAYS_EMBED_SWIFT_STANDARD_LIBRARIES = YES;
				BUNDLE_LOADER = "$(TEST_HOST)";
				CODE_SIGN_STYLE = Automatic;
				INFOPLIST_FILE = ParstagramTests/Info.plist;
				IPHONEOS_DEPLOYMENT_TARGET = 13.7;
				LD_RUNPATH_SEARCH_PATHS = (
					"$(inherited)",
					"@executable_path/Frameworks",
					"@loader_path/Frameworks",
				);
				PRODUCT_BUNDLE_IDENTIFIER = Codepath.ParstagramTests;
				PRODUCT_NAME = "$(TARGET_NAME)";
				SWIFT_VERSION = 5.0;
				TARGETED_DEVICE_FAMILY = "1,2";
				TEST_HOST = "$(BUILT_PRODUCTS_DIR)/Parstagram.app/Parstagram";
			};
			name = Debug;
		};
		7F872D452533E98400CE1AEC /* Release */ = {
			isa = XCBuildConfiguration;
			baseConfigurationReference = 61F9893C190BFF4D72B45095 /* Pods-ParstagramTests.release.xcconfig */;
			buildSettings = {
				ALWAYS_EMBED_SWIFT_STANDARD_LIBRARIES = YES;
				BUNDLE_LOADER = "$(TEST_HOST)";
				CODE_SIGN_STYLE = Automatic;
				INFOPLIST_FILE = ParstagramTests/Info.plist;
				IPHONEOS_DEPLOYMENT_TARGET = 13.7;
				LD_RUNPATH_SEARCH_PATHS = (
					"$(inherited)",
					"@executable_path/Frameworks",
					"@loader_path/Frameworks",
				);
				PRODUCT_BUNDLE_IDENTIFIER = Codepath.ParstagramTests;
				PRODUCT_NAME = "$(TARGET_NAME)";
				SWIFT_VERSION = 5.0;
				TARGETED_DEVICE_FAMILY = "1,2";
				TEST_HOST = "$(BUILT_PRODUCTS_DIR)/Parstagram.app/Parstagram";
			};
			name = Release;
		};
		7F872D472533E98400CE1AEC /* Debug */ = {
			isa = XCBuildConfiguration;
			baseConfigurationReference = B8F8E77AADE0DBD352B02A4A /* Pods-Parstagram-ParstagramUITests.debug.xcconfig */;
			buildSettings = {
				ALWAYS_EMBED_SWIFT_STANDARD_LIBRARIES = YES;
				CODE_SIGN_STYLE = Automatic;
				INFOPLIST_FILE = ParstagramUITests/Info.plist;
				LD_RUNPATH_SEARCH_PATHS = (
					"$(inherited)",
					"@executable_path/Frameworks",
					"@loader_path/Frameworks",
				);
				PRODUCT_BUNDLE_IDENTIFIER = Codepath.ParstagramUITests;
				PRODUCT_NAME = "$(TARGET_NAME)";
				SWIFT_VERSION = 5.0;
				TARGETED_DEVICE_FAMILY = "1,2";
				TEST_TARGET_NAME = Parstagram;
			};
			name = Debug;
		};
		7F872D482533E98400CE1AEC /* Release */ = {
			isa = XCBuildConfiguration;
			baseConfigurationReference = F92289EFC0EE4138B51950D2 /* Pods-Parstagram-ParstagramUITests.release.xcconfig */;
			buildSettings = {
				ALWAYS_EMBED_SWIFT_STANDARD_LIBRARIES = YES;
				CODE_SIGN_STYLE = Automatic;
				INFOPLIST_FILE = ParstagramUITests/Info.plist;
				LD_RUNPATH_SEARCH_PATHS = (
					"$(inherited)",
					"@executable_path/Frameworks",
					"@loader_path/Frameworks",
				);
				PRODUCT_BUNDLE_IDENTIFIER = Codepath.ParstagramUITests;
				PRODUCT_NAME = "$(TARGET_NAME)";
				SWIFT_VERSION = 5.0;
				TARGETED_DEVICE_FAMILY = "1,2";
				TEST_TARGET_NAME = Parstagram;
			};
			name = Release;
		};
/* End XCBuildConfiguration section */

/* Begin XCConfigurationList section */
		7F872D112533E98200CE1AEC /* Build configuration list for PBXProject "Parstagram" */ = {
			isa = XCConfigurationList;
			buildConfigurations = (
				7F872D3E2533E98400CE1AEC /* Debug */,
				7F872D3F2533E98400CE1AEC /* Release */,
			);
			defaultConfigurationIsVisible = 0;
			defaultConfigurationName = Release;
		};
		7F872D402533E98400CE1AEC /* Build configuration list for PBXNativeTarget "Parstagram" */ = {
			isa = XCConfigurationList;
			buildConfigurations = (
				7F872D412533E98400CE1AEC /* Debug */,
				7F872D422533E98400CE1AEC /* Release */,
			);
			defaultConfigurationIsVisible = 0;
			defaultConfigurationName = Release;
		};
		7F872D432533E98400CE1AEC /* Build configuration list for PBXNativeTarget "ParstagramTests" */ = {
			isa = XCConfigurationList;
			buildConfigurations = (
				7F872D442533E98400CE1AEC /* Debug */,
				7F872D452533E98400CE1AEC /* Release */,
			);
			defaultConfigurationIsVisible = 0;
			defaultConfigurationName = Release;
		};
		7F872D462533E98400CE1AEC /* Build configuration list for PBXNativeTarget "ParstagramUITests" */ = {
			isa = XCConfigurationList;
			buildConfigurations = (
				7F872D472533E98400CE1AEC /* Debug */,
				7F872D482533E98400CE1AEC /* Release */,
			);
			defaultConfigurationIsVisible = 0;
			defaultConfigurationName = Release;
		};
/* End XCConfigurationList section */
	};
	rootObject = 7F872D0E2533E98200CE1AEC /* Project object */;
}
